{
    "_readme": [
        "This file locks the dependencies of your project to a known state",
        "Read more about it at https://getcomposer.org/doc/01-basic-usage.md#installing-dependencies",
        "This file is @generated automatically"
    ],
    "content-hash": "4c85890cfd4b93685a90d1784f890253",
    "packages": [],
    "packages-dev": [
        {
            "name": "ofbeaton/granite-php",
            "version": "6.9.0",
            "source": {
                "type": "git",
                "url": "https://github.com/ofbeaton/granite-php.git",
                "reference": "1767dfb3dd7f9a0026c007cd68ad7ffeb51d4b82"
            },
            "dist": {
                "type": "zip",
                "url": "https://api.github.com/repos/ofbeaton/granite-php/zipball/1767dfb3dd7f9a0026c007cd68ad7ffeb51d4b82",
                "reference": "1767dfb3dd7f9a0026c007cd68ad7ffeb51d4b82",
                "shasum": ""
            },
            "require-dev": {
                "jakub-onderka/php-console-highlighter": "^0.4.0",
                "jakub-onderka/php-parallel-lint": "^1.0",
                "squizlabs/php_codesniffer": "^3.4"
            },
            "suggest": {
                "jakub-onderka/php-console-highlighter": "Highlight syntax for php-parallel-lint",
                "jakub-onderka/php-parallel-lint": "speed up `php -l` check",
                "squizlabs/php_codesniffer": "check and fix granite code style"
            },
            "type": "library",
            "extra": {
                "branch-alias": {
                    "dev-master": "4.0-dev"
                }
            },
            "notification-url": "https://packagist.org/downloads/",
            "license": [
                "MIT"
            ],
            "authors": [
                {
                    "name": "Finlay Beaton",
                    "email": "ofbeaton@gmail.com"
                },
                {
                    "name": "Granite Community",
                    "homepage": "https://github.com/ofbeaton/granite-php/graphs/contributors"
                }
            ],
            "description": "Opinionated PHP Coding Style enforcement for PHP",
            "homepage": "https://github.com/ofbeaton/granite-php",
            "keywords": [
                "Code style",
                "Coding Style",
                "PHP_CodeSniffer",
                "code sniffer",
                "lint"
            ],
            "time": "2019-03-21T21:17:59+00:00"
        },
        {
            "name": "squizlabs/php_codesniffer",
            "version": "3.4.2",
            "source": {
                "type": "git",
                "url": "https://github.com/squizlabs/PHP_CodeSniffer.git",
                "reference": "b8a7362af1cc1aadb5bd36c3defc4dda2cf5f0a8"
            },
            "dist": {
                "type": "zip",
                "url": "https://api.github.com/repos/squizlabs/PHP_CodeSniffer/zipball/b8a7362af1cc1aadb5bd36c3defc4dda2cf5f0a8",
                "reference": "b8a7362af1cc1aadb5bd36c3defc4dda2cf5f0a8",
                "shasum": ""
            },
            "require": {
                "ext-simplexml": "*",
                "ext-tokenizer": "*",
                "ext-xmlwriter": "*",
                "php": ">=5.4.0"
            },
            "require-dev": {
                "phpunit/phpunit": "^4.0 || ^5.0 || ^6.0 || ^7.0"
            },
            "bin": [
                "bin/phpcs",
                "bin/phpcbf"
            ],
            "type": "library",
            "extra": {
                "branch-alias": {
                    "dev-master": "3.x-dev"
                }
            },
            "notification-url": "https://packagist.org/downloads/",
            "license": [
                "BSD-3-Clause"
            ],
            "authors": [
                {
                    "name": "Greg Sherwood",
                    "role": "lead"
                }
            ],
            "description": "PHP_CodeSniffer tokenizes PHP, JavaScript and CSS files and detects violations of a defined set of coding standards.",
            "homepage": "https://github.com/squizlabs/PHP_CodeSniffer",
            "keywords": [
                "phpcs",
                "standards"
            ],
            "time": "2019-04-10T23:49:02+00:00"
        }
    ],
    "aliases": [],
    "minimum-stability": "stable",
    "stability-flags": [],
    "prefer-stable": false,
    "prefer-lowest": false,
    "platform": {
        "php": ">=5.4.0"
    },
    "platform-dev": []
}
